
Microsoft Visual Studio Solution File, Format Version 12.00
# Visual Studio Version 16
VisualStudioVersion = 16.0.31624.102
MinimumVisualStudioVersion = 10.0.40219.1
Project("{8BC9CEB8-8B4A-11D0-8D11-00A0C91BC942}") = "Treść zadań", "Treść zadań\Treść zadań.vcxproj", "{0B07B802-470B-4138-B230-2B10985A7182}"
EndProject
Project("{2150E333-8FDC-42A3-9474-1A3956D46DE8}") = "0. Treści zadań", "0. Treści zadań", "{1D9152DC-3916-4267-8618-BDBB776AF330}"
EndProject
Project("{2150E333-8FDC-42A3-9474-1A3956D46DE8}") = "01. Podstawy programowania", "01. Podstawy programowania", "{5219D71D-C2E7-4327-8887-395646D84B2A}"
EndProject
Project("{8BC9CEB8-8B4A-11D0-8D11-00A0C91BC942}") = "Podstawy programowania", "Podstawy programowania\Podstawy programowania.vcxproj", "{574655A8-6396-42CF-A03E-50A28749F221}"
EndProject
Project("{2150E333-8FDC-42A3-9474-1A3956D46DE8}") = "02. Instrukcja warunkowe", "02. Instrukcja warunkowe", "{D06B56EF-0F91-4942-9BBA-0E943D9DC996}"
EndProject
Project("{8BC9CEB8-8B4A-11D0-8D11-00A0C91BC942}") = "Instrukcja IF", "Instrukcja IF\Instrukcja IF.vcxproj", "{EB4BDB4C-9727-4498-99C9-F9865D3EA9A5}"
EndProject
Project("{8BC9CEB8-8B4A-11D0-8D11-00A0C91BC942}") = "Instrukcja WHILE", "Instrukcja WHILE\Instrukcja WHILE.vcxproj", "{DAC1F5AD-1C5B-478E-A318-43AA4AC3E419}"
EndProject
Project("{8BC9CEB8-8B4A-11D0-8D11-00A0C91BC942}") = "Instrukcja DO-WHILE", "Instrukcja DO-WHILE\Instrukcja DO-WHILE.vcxproj", "{41739FE2-D2B2-4447-AA5A-7F81676ECBF9}"
EndProject
Project("{8BC9CEB8-8B4A-11D0-8D11-00A0C91BC942}") = "Instrukcja FOR", "Instrukcja FOR\Instrukcja FOR.vcxproj", "{AB2D89D1-36BF-4E33-B3EE-3FF78245DD7E}"
EndProject
Project("{8BC9CEB8-8B4A-11D0-8D11-00A0C91BC942}") = "Instrukcja SWITCH", "Instrukcja SWITCH\Instrukcja SWITCH.vcxproj", "{245A9F3B-AAF1-4014-A632-0222B74012AB}"
EndProject
Project("{2150E333-8FDC-42A3-9474-1A3956D46DE8}") = "03. Łańcuchy znaków", "03. Łańcuchy znaków", "{9FC189B0-BE2F-4E7D-84C8-849BA3F300E6}"
EndProject
Project("{8BC9CEB8-8B4A-11D0-8D11-00A0C91BC942}") = "Typ Char", "Typ Char\Typ Char.vcxproj", "{31AA7405-1731-48A8-AFDE-EE16E347B03A}"
EndProject
Project("{2150E333-8FDC-42A3-9474-1A3956D46DE8}") = "04. Funkcje", "04. Funkcje", "{6CAA5402-20B2-4AC5-9EB0-FA0116FDE3C8}"
EndProject
Project("{8BC9CEB8-8B4A-11D0-8D11-00A0C91BC942}") = "Funkcje", "Funkcje\Funkcje.vcxproj", "{2E98D979-5954-433F-B0B5-09938A548CC6}"
EndProject
Project("{8BC9CEB8-8B4A-11D0-8D11-00A0C91BC942}") = "Typ string", "Typ string\Typ string.vcxproj", "{623DEB57-3BD3-4299-8599-F9AE83480BFF}"
EndProject
Project("{2150E333-8FDC-42A3-9474-1A3956D46DE8}") = "05. Algorytmy wyszukiwania", "05. Algorytmy wyszukiwania", "{87FC65B3-E5CA-45A8-B5B9-5544965123DB}"
EndProject
Project("{8BC9CEB8-8B4A-11D0-8D11-00A0C91BC942}") = "Algorytmy wyszukiwania", "Algorytmy wyszukiwania\Algorytmy wyszukiwania.vcxproj", "{373539EF-8E53-46F0-82DD-044487242382}"
EndProject
Project("{2150E333-8FDC-42A3-9474-1A3956D46DE8}") = "06. Kolekcje", "06. Kolekcje", "{60F98016-89CB-417F-9BBA-4F868AE7A447}"
EndProject
Project("{8BC9CEB8-8B4A-11D0-8D11-00A0C91BC942}") = "Tablice", "Tablice\Tablice.vcxproj", "{0B5109FD-6DDF-4A44-9C88-13D58D4DB800}"
EndProject
Project("{2150E333-8FDC-42A3-9474-1A3956D46DE8}") = "07. Powtórzenie", "07. Powtórzenie", "{1A0633A2-30B8-4C36-8D9D-7E07224710B8}"
EndProject
Project("{8BC9CEB8-8B4A-11D0-8D11-00A0C91BC942}") = "Powtorzenie", "Powtorzenie\Powtorzenie.vcxproj", "{5B33E74D-B54A-4695-BC95-942DC58198B3}"
EndProject
Project("{2150E333-8FDC-42A3-9474-1A3956D46DE8}") = "08. Struktury", "08. Struktury", "{79FBA585-27CC-442F-9A72-3B5DA9F62D42}"
EndProject
Project("{8BC9CEB8-8B4A-11D0-8D11-00A0C91BC942}") = "CoordinatesProgram", "CoordinatesProgram\CoordinatesProgram.vcxproj", "{4F0DFD75-7003-474E-BD0D-3F9B3F901EC9}"
EndProject
Project("{2150E333-8FDC-42A3-9474-1A3956D46DE8}") = "09. Solucje", "09. Solucje", "{7DF58FBB-3EB8-4922-BC32-09967BBD070B}"
EndProject
Project("{8BC9CEB8-8B4A-11D0-8D11-00A0C91BC942}") = "PointersApp", "PointersApp\PointersApp.vcxproj", "{39D0012E-E74B-4104-B150-76E222121B38}"
EndProject
Project("{2150E333-8FDC-42A3-9474-1A3956D46DE8}") = "10.  Obiekty", "10.  Obiekty", "{3C37DF45-35E0-46A6-A4FE-E21C15DF734F}"
EndProject
Project("{8BC9CEB8-8B4A-11D0-8D11-00A0C91BC942}") = "FirstObject", "FirstObject\FirstObject.vcxproj", "{861738C5-FCDF-4950-B604-D3D998F5698B}"
EndProject
Project("{8BC9CEB8-8B4A-11D0-8D11-00A0C91BC942}") = "DrivingCar", "DrivingCar\DrivingCar.vcxproj", "{FC284EDC-E587-4E75-9A3E-F0149B3D9E02}"
EndProject
Project("{8BC9CEB8-8B4A-11D0-8D11-00A0C91BC942}") = "MyOwnObjectTask", "MyOwnObjectTask\MyOwnObjectTask.vcxproj", "{90AD0F5A-1BF4-4C11-95A4-2DB8B22682B7}"
EndProject
Project("{2150E333-8FDC-42A3-9474-1A3956D46DE8}") = "C++", "C++", "{AF17FE8F-C9E5-488F-AF5C-251C935AE35C}"
EndProject
Project("{2150E333-8FDC-42A3-9474-1A3956D46DE8}") = "CSharp", "CSharp", "{9F16C34E-09A4-49AC-8366-D754B97C5224}"
EndProject
Project("{2150E333-8FDC-42A3-9474-1A3956D46DE8}") = "01. Podstawy", "01. Podstawy", "{C6B6A3E7-84EE-4095-AD1E-CC4FEF72997B}"
EndProject
Project("{9A19103F-16F7-4668-BE54-9A1E7A4F7556}") = "FirstConsoleApp", "FirstConsoleApp\FirstConsoleApp.csproj", "{92DAA333-AE2B-40B6-9B82-4168277D15F5}"
EndProject
Project("{9A19103F-16F7-4668-BE54-9A1E7A4F7556}") = "FirstObjectCS", "FirstObjectCS\FirstObjectCS.csproj", "{015CBD9A-0A2D-47E7-A039-085BD712126B}"
EndProject
Project("{2150E333-8FDC-42A3-9474-1A3956D46DE8}") = "02. Kolekcje", "02. Kolekcje", "{5A8BD6E2-533E-4AF5-9BC8-9FB5A82C4795}"
EndProject
Project("{9A19103F-16F7-4668-BE54-9A1E7A4F7556}") = "CollectionConsoleApp", "CollectionConsoleApp\CollectionConsoleApp.csproj", "{4F05046C-0426-4E3B-A87C-FFE9ADA3E0B2}"
EndProject
Project("{2150E333-8FDC-42A3-9474-1A3956D46DE8}") = "0.3 Obiekty", "0.3 Obiekty", "{00751131-69D9-401C-9EE8-1DC09CA5D036}"
EndProject
Project("{9A19103F-16F7-4668-BE54-9A1E7A4F7556}") = "ShapeConsoleApp", "ShapeConsoleApp\ShapeConsoleApp.csproj", "{422045C9-8A21-4B22-A37B-D447046FDF37}"
EndProject
Project("{2150E333-8FDC-42A3-9474-1A3956D46DE8}") = "04.Zadania", "04.Zadania", "{D0C31C85-73CD-4F24-986A-EBCDE2D62B9B}"
EndProject
Project("{9A19103F-16F7-4668-BE54-9A1E7A4F7556}") = "LotOfTasks", "LotOfTasks\LotOfTasks.csproj", "{8BE87ADB-3264-4FC7-815C-74B73112CF37}"
EndProject
Project("{2150E333-8FDC-42A3-9474-1A3956D46DE8}") = "05.Wlasciwosci", "05.Wlasciwosci", "{A7CAFFA8-1246-447C-8853-F3F3FA5D99FF}"
EndProject
Project("{9A19103F-16F7-4668-BE54-9A1E7A4F7556}") = "PropertiesApp", "PropertiesApp\PropertiesApp.csproj", "{0F03A9D8-2497-4C80-9623-E7951715C2EF}"
EndProject
Project("{2150E333-8FDC-42A3-9474-1A3956D46DE8}") = "06.Obslugabledow", "06.Obslugabledow", "{C84F736F-FF16-4D7A-B0D2-47AE8195E37D}"
EndProject
Project("{9A19103F-16F7-4668-BE54-9A1E7A4F7556}") = "ExpectionApp", "ExpectionApp\ExpectionApp.csproj", "{4B79E2FB-292B-4DBE-AFE4-19884E765336}"
EndProject
Project("{2150E333-8FDC-42A3-9474-1A3956D46DE8}") = "07.Polimorfizm", "07.Polimorfizm", "{2C5655DA-34C3-4103-8F53-336C440242CC}"
EndProject
Project("{9A19103F-16F7-4668-BE54-9A1E7A4F7556}") = "PolimorfizmApp", "PolimorfizmApp\PolimorfizmApp.csproj", "{5D771AE3-5467-4C06-A118-59DD944BE560}"
EndProject
Project("{2150E333-8FDC-42A3-9474-1A3956D46DE8}") = "08.Dane", "08.Dane", "{FFE29CD3-B62B-488B-874B-C22AD3989CE3}"
EndProject
Project("{FAE04EC0-301F-11D3-BF4B-00C04F79EFBC}") = "SchoolApp", "SchoolApp\SchoolApp.csproj", "{4826D59A-EC42-42F0-BAC9-7F9FE8B51745}"
EndProject
Project("{2150E333-8FDC-42A3-9474-1A3956D46DE8}") = "DataBase", "DataBase", "{30DCBD78-0D10-483B-BE0D-F37A440F2763}"
EndProject
Global
	GlobalSection(SolutionConfigurationPlatforms) = preSolution
		Debug|Any CPU = Debug|Any CPU
		Debug|x64 = Debug|x64
		Debug|x86 = Debug|x86
		Release|Any CPU = Release|Any CPU
		Release|x64 = Release|x64
		Release|x86 = Release|x86
	EndGlobalSection
	GlobalSection(ProjectConfigurationPlatforms) = postSolution
		{0B07B802-470B-4138-B230-2B10985A7182}.Debug|Any CPU.ActiveCfg = Debug|Win32
		{0B07B802-470B-4138-B230-2B10985A7182}.Debug|x64.ActiveCfg = Debug|x64
		{0B07B802-470B-4138-B230-2B10985A7182}.Debug|x64.Build.0 = Debug|x64
		{0B07B802-470B-4138-B230-2B10985A7182}.Debug|x86.ActiveCfg = Debug|Win32
		{0B07B802-470B-4138-B230-2B10985A7182}.Release|Any CPU.ActiveCfg = Release|Win32
		{0B07B802-470B-4138-B230-2B10985A7182}.Release|x64.ActiveCfg = Release|x64
		{0B07B802-470B-4138-B230-2B10985A7182}.Release|x64.Build.0 = Release|x64
		{0B07B802-470B-4138-B230-2B10985A7182}.Release|x86.ActiveCfg = Release|Win32
		{0B07B802-470B-4138-B230-2B10985A7182}.Release|x86.Build.0 = Release|Win32
		{574655A8-6396-42CF-A03E-50A28749F221}.Debug|Any CPU.ActiveCfg = Debug|Win32
		{574655A8-6396-42CF-A03E-50A28749F221}.Debug|x64.ActiveCfg = Debug|x64
		{574655A8-6396-42CF-A03E-50A28749F221}.Debug|x64.Build.0 = Debug|x64
		{574655A8-6396-42CF-A03E-50A28749F221}.Debug|x86.ActiveCfg = Debug|Win32
		{574655A8-6396-42CF-A03E-50A28749F221}.Debug|x86.Build.0 = Debug|Win32
		{574655A8-6396-42CF-A03E-50A28749F221}.Release|Any CPU.ActiveCfg = Release|Win32
		{574655A8-6396-42CF-A03E-50A28749F221}.Release|x64.ActiveCfg = Release|x64
		{574655A8-6396-42CF-A03E-50A28749F221}.Release|x64.Build.0 = Release|x64
		{574655A8-6396-42CF-A03E-50A28749F221}.Release|x86.ActiveCfg = Release|Win32
		{574655A8-6396-42CF-A03E-50A28749F221}.Release|x86.Build.0 = Release|Win32
		{EB4BDB4C-9727-4498-99C9-F9865D3EA9A5}.Debug|Any CPU.ActiveCfg = Debug|Win32
		{EB4BDB4C-9727-4498-99C9-F9865D3EA9A5}.Debug|x64.ActiveCfg = Debug|x64
		{EB4BDB4C-9727-4498-99C9-F9865D3EA9A5}.Debug|x64.Build.0 = Debug|x64
		{EB4BDB4C-9727-4498-99C9-F9865D3EA9A5}.Debug|x86.ActiveCfg = Debug|Win32
		{EB4BDB4C-9727-4498-99C9-F9865D3EA9A5}.Debug|x86.Build.0 = Debug|Win32
		{EB4BDB4C-9727-4498-99C9-F9865D3EA9A5}.Release|Any CPU.ActiveCfg = Release|Win32
		{EB4BDB4C-9727-4498-99C9-F9865D3EA9A5}.Release|x64.ActiveCfg = Release|x64
		{EB4BDB4C-9727-4498-99C9-F9865D3EA9A5}.Release|x64.Build.0 = Release|x64
		{EB4BDB4C-9727-4498-99C9-F9865D3EA9A5}.Release|x86.ActiveCfg = Release|Win32
		{EB4BDB4C-9727-4498-99C9-F9865D3EA9A5}.Release|x86.Build.0 = Release|Win32
		{DAC1F5AD-1C5B-478E-A318-43AA4AC3E419}.Debug|Any CPU.ActiveCfg = Debug|Win32
		{DAC1F5AD-1C5B-478E-A318-43AA4AC3E419}.Debug|x64.ActiveCfg = Debug|x64
		{DAC1F5AD-1C5B-478E-A318-43AA4AC3E419}.Debug|x64.Build.0 = Debug|x64
		{DAC1F5AD-1C5B-478E-A318-43AA4AC3E419}.Debug|x86.ActiveCfg = Debug|Win32
		{DAC1F5AD-1C5B-478E-A318-43AA4AC3E419}.Debug|x86.Build.0 = Debug|Win32
		{DAC1F5AD-1C5B-478E-A318-43AA4AC3E419}.Release|Any CPU.ActiveCfg = Release|Win32
		{DAC1F5AD-1C5B-478E-A318-43AA4AC3E419}.Release|x64.ActiveCfg = Release|x64
		{DAC1F5AD-1C5B-478E-A318-43AA4AC3E419}.Release|x64.Build.0 = Release|x64
		{DAC1F5AD-1C5B-478E-A318-43AA4AC3E419}.Release|x86.ActiveCfg = Release|Win32
		{DAC1F5AD-1C5B-478E-A318-43AA4AC3E419}.Release|x86.Build.0 = Release|Win32
		{41739FE2-D2B2-4447-AA5A-7F81676ECBF9}.Debug|Any CPU.ActiveCfg = Debug|Win32
		{41739FE2-D2B2-4447-AA5A-7F81676ECBF9}.Debug|x64.ActiveCfg = Debug|x64
		{41739FE2-D2B2-4447-AA5A-7F81676ECBF9}.Debug|x64.Build.0 = Debug|x64
		{41739FE2-D2B2-4447-AA5A-7F81676ECBF9}.Debug|x86.ActiveCfg = Debug|Win32
		{41739FE2-D2B2-4447-AA5A-7F81676ECBF9}.Debug|x86.Build.0 = Debug|Win32
		{41739FE2-D2B2-4447-AA5A-7F81676ECBF9}.Release|Any CPU.ActiveCfg = Release|Win32
		{41739FE2-D2B2-4447-AA5A-7F81676ECBF9}.Release|x64.ActiveCfg = Release|x64
		{41739FE2-D2B2-4447-AA5A-7F81676ECBF9}.Release|x64.Build.0 = Release|x64
		{41739FE2-D2B2-4447-AA5A-7F81676ECBF9}.Release|x86.ActiveCfg = Release|Win32
		{41739FE2-D2B2-4447-AA5A-7F81676ECBF9}.Release|x86.Build.0 = Release|Win32
		{AB2D89D1-36BF-4E33-B3EE-3FF78245DD7E}.Debug|Any CPU.ActiveCfg = Debug|Win32
		{AB2D89D1-36BF-4E33-B3EE-3FF78245DD7E}.Debug|x64.ActiveCfg = Debug|x64
		{AB2D89D1-36BF-4E33-B3EE-3FF78245DD7E}.Debug|x64.Build.0 = Debug|x64
		{AB2D89D1-36BF-4E33-B3EE-3FF78245DD7E}.Debug|x86.ActiveCfg = Debug|Win32
		{AB2D89D1-36BF-4E33-B3EE-3FF78245DD7E}.Debug|x86.Build.0 = Debug|Win32
		{AB2D89D1-36BF-4E33-B3EE-3FF78245DD7E}.Release|Any CPU.ActiveCfg = Release|Win32
		{AB2D89D1-36BF-4E33-B3EE-3FF78245DD7E}.Release|x64.ActiveCfg = Release|x64
		{AB2D89D1-36BF-4E33-B3EE-3FF78245DD7E}.Release|x64.Build.0 = Release|x64
		{AB2D89D1-36BF-4E33-B3EE-3FF78245DD7E}.Release|x86.ActiveCfg = Release|Win32
		{AB2D89D1-36BF-4E33-B3EE-3FF78245DD7E}.Release|x86.Build.0 = Release|Win32
		{245A9F3B-AAF1-4014-A632-0222B74012AB}.Debug|Any CPU.ActiveCfg = Debug|Win32
		{245A9F3B-AAF1-4014-A632-0222B74012AB}.Debug|x64.ActiveCfg = Debug|x64
		{245A9F3B-AAF1-4014-A632-0222B74012AB}.Debug|x64.Build.0 = Debug|x64
		{245A9F3B-AAF1-4014-A632-0222B74012AB}.Debug|x86.ActiveCfg = Debug|Win32
		{245A9F3B-AAF1-4014-A632-0222B74012AB}.Debug|x86.Build.0 = Debug|Win32
		{245A9F3B-AAF1-4014-A632-0222B74012AB}.Release|Any CPU.ActiveCfg = Release|Win32
		{245A9F3B-AAF1-4014-A632-0222B74012AB}.Release|x64.ActiveCfg = Release|x64
		{245A9F3B-AAF1-4014-A632-0222B74012AB}.Release|x64.Build.0 = Release|x64
		{245A9F3B-AAF1-4014-A632-0222B74012AB}.Release|x86.ActiveCfg = Release|Win32
		{245A9F3B-AAF1-4014-A632-0222B74012AB}.Release|x86.Build.0 = Release|Win32
		{31AA7405-1731-48A8-AFDE-EE16E347B03A}.Debug|Any CPU.ActiveCfg = Debug|Win32
		{31AA7405-1731-48A8-AFDE-EE16E347B03A}.Debug|x64.ActiveCfg = Debug|x64
		{31AA7405-1731-48A8-AFDE-EE16E347B03A}.Debug|x64.Build.0 = Debug|x64
		{31AA7405-1731-48A8-AFDE-EE16E347B03A}.Debug|x86.ActiveCfg = Debug|Win32
		{31AA7405-1731-48A8-AFDE-EE16E347B03A}.Debug|x86.Build.0 = Debug|Win32
		{31AA7405-1731-48A8-AFDE-EE16E347B03A}.Release|Any CPU.ActiveCfg = Release|Win32
		{31AA7405-1731-48A8-AFDE-EE16E347B03A}.Release|x64.ActiveCfg = Release|x64
		{31AA7405-1731-48A8-AFDE-EE16E347B03A}.Release|x64.Build.0 = Release|x64
		{31AA7405-1731-48A8-AFDE-EE16E347B03A}.Release|x86.ActiveCfg = Release|Win32
		{31AA7405-1731-48A8-AFDE-EE16E347B03A}.Release|x86.Build.0 = Release|Win32
		{2E98D979-5954-433F-B0B5-09938A548CC6}.Debug|Any CPU.ActiveCfg = Debug|Win32
		{2E98D979-5954-433F-B0B5-09938A548CC6}.Debug|x64.ActiveCfg = Debug|x64
		{2E98D979-5954-433F-B0B5-09938A548CC6}.Debug|x64.Build.0 = Debug|x64
		{2E98D979-5954-433F-B0B5-09938A548CC6}.Debug|x86.ActiveCfg = Debug|Win32
		{2E98D979-5954-433F-B0B5-09938A548CC6}.Debug|x86.Build.0 = Debug|Win32
		{2E98D979-5954-433F-B0B5-09938A548CC6}.Release|Any CPU.ActiveCfg = Release|Win32
		{2E98D979-5954-433F-B0B5-09938A548CC6}.Release|x64.ActiveCfg = Release|x64
		{2E98D979-5954-433F-B0B5-09938A548CC6}.Release|x64.Build.0 = Release|x64
		{2E98D979-5954-433F-B0B5-09938A548CC6}.Release|x86.ActiveCfg = Release|Win32
		{2E98D979-5954-433F-B0B5-09938A548CC6}.Release|x86.Build.0 = Release|Win32
		{623DEB57-3BD3-4299-8599-F9AE83480BFF}.Debug|Any CPU.ActiveCfg = Debug|Win32
		{623DEB57-3BD3-4299-8599-F9AE83480BFF}.Debug|x64.ActiveCfg = Debug|x64
		{623DEB57-3BD3-4299-8599-F9AE83480BFF}.Debug|x64.Build.0 = Debug|x64
		{623DEB57-3BD3-4299-8599-F9AE83480BFF}.Debug|x86.ActiveCfg = Debug|Win32
		{623DEB57-3BD3-4299-8599-F9AE83480BFF}.Debug|x86.Build.0 = Debug|Win32
		{623DEB57-3BD3-4299-8599-F9AE83480BFF}.Release|Any CPU.ActiveCfg = Release|Win32
		{623DEB57-3BD3-4299-8599-F9AE83480BFF}.Release|x64.ActiveCfg = Release|x64
		{623DEB57-3BD3-4299-8599-F9AE83480BFF}.Release|x64.Build.0 = Release|x64
		{623DEB57-3BD3-4299-8599-F9AE83480BFF}.Release|x86.ActiveCfg = Release|Win32
		{623DEB57-3BD3-4299-8599-F9AE83480BFF}.Release|x86.Build.0 = Release|Win32
		{373539EF-8E53-46F0-82DD-044487242382}.Debug|Any CPU.ActiveCfg = Debug|Win32
		{373539EF-8E53-46F0-82DD-044487242382}.Debug|x64.ActiveCfg = Debug|x64
		{373539EF-8E53-46F0-82DD-044487242382}.Debug|x64.Build.0 = Debug|x64
		{373539EF-8E53-46F0-82DD-044487242382}.Debug|x86.ActiveCfg = Debug|Win32
		{373539EF-8E53-46F0-82DD-044487242382}.Debug|x86.Build.0 = Debug|Win32
		{373539EF-8E53-46F0-82DD-044487242382}.Release|Any CPU.ActiveCfg = Release|Win32
		{373539EF-8E53-46F0-82DD-044487242382}.Release|x64.ActiveCfg = Release|x64
		{373539EF-8E53-46F0-82DD-044487242382}.Release|x64.Build.0 = Release|x64
		{373539EF-8E53-46F0-82DD-044487242382}.Release|x86.ActiveCfg = Release|Win32
		{373539EF-8E53-46F0-82DD-044487242382}.Release|x86.Build.0 = Release|Win32
		{0B5109FD-6DDF-4A44-9C88-13D58D4DB800}.Debug|Any CPU.ActiveCfg = Debug|Win32
		{0B5109FD-6DDF-4A44-9C88-13D58D4DB800}.Debug|x64.ActiveCfg = Debug|x64
		{0B5109FD-6DDF-4A44-9C88-13D58D4DB800}.Debug|x64.Build.0 = Debug|x64
		{0B5109FD-6DDF-4A44-9C88-13D58D4DB800}.Debug|x86.ActiveCfg = Debug|Win32
		{0B5109FD-6DDF-4A44-9C88-13D58D4DB800}.Debug|x86.Build.0 = Debug|Win32
		{0B5109FD-6DDF-4A44-9C88-13D58D4DB800}.Release|Any CPU.ActiveCfg = Release|Win32
		{0B5109FD-6DDF-4A44-9C88-13D58D4DB800}.Release|x64.ActiveCfg = Release|x64
		{0B5109FD-6DDF-4A44-9C88-13D58D4DB800}.Release|x64.Build.0 = Release|x64
		{0B5109FD-6DDF-4A44-9C88-13D58D4DB800}.Release|x86.ActiveCfg = Release|Win32
		{0B5109FD-6DDF-4A44-9C88-13D58D4DB800}.Release|x86.Build.0 = Release|Win32
		{5B33E74D-B54A-4695-BC95-942DC58198B3}.Debug|Any CPU.ActiveCfg = Debug|Win32
		{5B33E74D-B54A-4695-BC95-942DC58198B3}.Debug|x64.ActiveCfg = Debug|x64
		{5B33E74D-B54A-4695-BC95-942DC58198B3}.Debug|x64.Build.0 = Debug|x64
		{5B33E74D-B54A-4695-BC95-942DC58198B3}.Debug|x86.ActiveCfg = Debug|Win32
		{5B33E74D-B54A-4695-BC95-942DC58198B3}.Debug|x86.Build.0 = Debug|Win32
		{5B33E74D-B54A-4695-BC95-942DC58198B3}.Release|Any CPU.ActiveCfg = Release|Win32
		{5B33E74D-B54A-4695-BC95-942DC58198B3}.Release|x64.ActiveCfg = Release|x64
		{5B33E74D-B54A-4695-BC95-942DC58198B3}.Release|x64.Build.0 = Release|x64
		{5B33E74D-B54A-4695-BC95-942DC58198B3}.Release|x86.ActiveCfg = Release|Win32
		{5B33E74D-B54A-4695-BC95-942DC58198B3}.Release|x86.Build.0 = Release|Win32
		{4F0DFD75-7003-474E-BD0D-3F9B3F901EC9}.Debug|Any CPU.ActiveCfg = Debug|Win32
		{4F0DFD75-7003-474E-BD0D-3F9B3F901EC9}.Debug|x64.ActiveCfg = Debug|x64
		{4F0DFD75-7003-474E-BD0D-3F9B3F901EC9}.Debug|x64.Build.0 = Debug|x64
		{4F0DFD75-7003-474E-BD0D-3F9B3F901EC9}.Debug|x86.ActiveCfg = Debug|Win32
		{4F0DFD75-7003-474E-BD0D-3F9B3F901EC9}.Debug|x86.Build.0 = Debug|Win32
		{4F0DFD75-7003-474E-BD0D-3F9B3F901EC9}.Release|Any CPU.ActiveCfg = Release|Win32
		{4F0DFD75-7003-474E-BD0D-3F9B3F901EC9}.Release|x64.ActiveCfg = Release|x64
		{4F0DFD75-7003-474E-BD0D-3F9B3F901EC9}.Release|x64.Build.0 = Release|x64
		{4F0DFD75-7003-474E-BD0D-3F9B3F901EC9}.Release|x86.ActiveCfg = Release|Win32
		{4F0DFD75-7003-474E-BD0D-3F9B3F901EC9}.Release|x86.Build.0 = Release|Win32
		{39D0012E-E74B-4104-B150-76E222121B38}.Debug|Any CPU.ActiveCfg = Debug|Win32
		{39D0012E-E74B-4104-B150-76E222121B38}.Debug|x64.ActiveCfg = Debug|x64
		{39D0012E-E74B-4104-B150-76E222121B38}.Debug|x64.Build.0 = Debug|x64
		{39D0012E-E74B-4104-B150-76E222121B38}.Debug|x86.ActiveCfg = Debug|Win32
		{39D0012E-E74B-4104-B150-76E222121B38}.Debug|x86.Build.0 = Debug|Win32
		{39D0012E-E74B-4104-B150-76E222121B38}.Release|Any CPU.ActiveCfg = Release|Win32
		{39D0012E-E74B-4104-B150-76E222121B38}.Release|x64.ActiveCfg = Release|x64
		{39D0012E-E74B-4104-B150-76E222121B38}.Release|x64.Build.0 = Release|x64
		{39D0012E-E74B-4104-B150-76E222121B38}.Release|x86.ActiveCfg = Release|Win32
		{39D0012E-E74B-4104-B150-76E222121B38}.Release|x86.Build.0 = Release|Win32
		{861738C5-FCDF-4950-B604-D3D998F5698B}.Debug|Any CPU.ActiveCfg = Debug|Win32
		{861738C5-FCDF-4950-B604-D3D998F5698B}.Debug|x64.ActiveCfg = Debug|x64
		{861738C5-FCDF-4950-B604-D3D998F5698B}.Debug|x64.Build.0 = Debug|x64
		{861738C5-FCDF-4950-B604-D3D998F5698B}.Debug|x86.ActiveCfg = Debug|Win32
		{861738C5-FCDF-4950-B604-D3D998F5698B}.Debug|x86.Build.0 = Debug|Win32
		{861738C5-FCDF-4950-B604-D3D998F5698B}.Release|Any CPU.ActiveCfg = Release|Win32
		{861738C5-FCDF-4950-B604-D3D998F5698B}.Release|x64.ActiveCfg = Release|x64
		{861738C5-FCDF-4950-B604-D3D998F5698B}.Release|x64.Build.0 = Release|x64
		{861738C5-FCDF-4950-B604-D3D998F5698B}.Release|x86.ActiveCfg = Release|Win32
		{861738C5-FCDF-4950-B604-D3D998F5698B}.Release|x86.Build.0 = Release|Win32
		{FC284EDC-E587-4E75-9A3E-F0149B3D9E02}.Debug|Any CPU.ActiveCfg = Debug|Win32
		{FC284EDC-E587-4E75-9A3E-F0149B3D9E02}.Debug|x64.ActiveCfg = Debug|x64
		{FC284EDC-E587-4E75-9A3E-F0149B3D9E02}.Debug|x64.Build.0 = Debug|x64
		{FC284EDC-E587-4E75-9A3E-F0149B3D9E02}.Debug|x86.ActiveCfg = Debug|Win32
		{FC284EDC-E587-4E75-9A3E-F0149B3D9E02}.Debug|x86.Build.0 = Debug|Win32
		{FC284EDC-E587-4E75-9A3E-F0149B3D9E02}.Release|Any CPU.ActiveCfg = Release|Win32
		{FC284EDC-E587-4E75-9A3E-F0149B3D9E02}.Release|x64.ActiveCfg = Release|x64
		{FC284EDC-E587-4E75-9A3E-F0149B3D9E02}.Release|x64.Build.0 = Release|x64
		{FC284EDC-E587-4E75-9A3E-F0149B3D9E02}.Release|x86.ActiveCfg = Release|Win32
		{FC284EDC-E587-4E75-9A3E-F0149B3D9E02}.Release|x86.Build.0 = Release|Win32
		{90AD0F5A-1BF4-4C11-95A4-2DB8B22682B7}.Debug|Any CPU.ActiveCfg = Debug|Win32
		{90AD0F5A-1BF4-4C11-95A4-2DB8B22682B7}.Debug|x64.ActiveCfg = Debug|x64
		{90AD0F5A-1BF4-4C11-95A4-2DB8B22682B7}.Debug|x64.Build.0 = Debug|x64
		{90AD0F5A-1BF4-4C11-95A4-2DB8B22682B7}.Debug|x86.ActiveCfg = Debug|Win32
		{90AD0F5A-1BF4-4C11-95A4-2DB8B22682B7}.Debug|x86.Build.0 = Debug|Win32
		{90AD0F5A-1BF4-4C11-95A4-2DB8B22682B7}.Release|Any CPU.ActiveCfg = Release|Win32
		{90AD0F5A-1BF4-4C11-95A4-2DB8B22682B7}.Release|x64.ActiveCfg = Release|x64
		{90AD0F5A-1BF4-4C11-95A4-2DB8B22682B7}.Release|x64.Build.0 = Release|x64
		{90AD0F5A-1BF4-4C11-95A4-2DB8B22682B7}.Release|x86.ActiveCfg = Release|Win32
		{90AD0F5A-1BF4-4C11-95A4-2DB8B22682B7}.Release|x86.Build.0 = Release|Win32
		{92DAA333-AE2B-40B6-9B82-4168277D15F5}.Debug|Any CPU.ActiveCfg = Debug|Any CPU
		{92DAA333-AE2B-40B6-9B82-4168277D15F5}.Debug|Any CPU.Build.0 = Debug|Any CPU
		{92DAA333-AE2B-40B6-9B82-4168277D15F5}.Debug|x64.ActiveCfg = Debug|Any CPU
		{92DAA333-AE2B-40B6-9B82-4168277D15F5}.Debug|x64.Build.0 = Debug|Any CPU
		{92DAA333-AE2B-40B6-9B82-4168277D15F5}.Debug|x86.ActiveCfg = Debug|Any CPU
		{92DAA333-AE2B-40B6-9B82-4168277D15F5}.Debug|x86.Build.0 = Debug|Any CPU
		{92DAA333-AE2B-40B6-9B82-4168277D15F5}.Release|Any CPU.ActiveCfg = Release|Any CPU
		{92DAA333-AE2B-40B6-9B82-4168277D15F5}.Release|Any CPU.Build.0 = Release|Any CPU
		{92DAA333-AE2B-40B6-9B82-4168277D15F5}.Release|x64.ActiveCfg = Release|Any CPU
		{92DAA333-AE2B-40B6-9B82-4168277D15F5}.Release|x64.Build.0 = Release|Any CPU
		{92DAA333-AE2B-40B6-9B82-4168277D15F5}.Release|x86.ActiveCfg = Release|Any CPU
		{92DAA333-AE2B-40B6-9B82-4168277D15F5}.Release|x86.Build.0 = Release|Any CPU
		{015CBD9A-0A2D-47E7-A039-085BD712126B}.Debug|Any CPU.ActiveCfg = Debug|Any CPU
		{015CBD9A-0A2D-47E7-A039-085BD712126B}.Debug|Any CPU.Build.0 = Debug|Any CPU
		{015CBD9A-0A2D-47E7-A039-085BD712126B}.Debug|x64.ActiveCfg = Debug|Any CPU
		{015CBD9A-0A2D-47E7-A039-085BD712126B}.Debug|x64.Build.0 = Debug|Any CPU
		{015CBD9A-0A2D-47E7-A039-085BD712126B}.Debug|x86.ActiveCfg = Debug|Any CPU
		{015CBD9A-0A2D-47E7-A039-085BD712126B}.Debug|x86.Build.0 = Debug|Any CPU
		{015CBD9A-0A2D-47E7-A039-085BD712126B}.Release|Any CPU.ActiveCfg = Release|Any CPU
		{015CBD9A-0A2D-47E7-A039-085BD712126B}.Release|Any CPU.Build.0 = Release|Any CPU
		{015CBD9A-0A2D-47E7-A039-085BD712126B}.Release|x64.ActiveCfg = Release|Any CPU
		{015CBD9A-0A2D-47E7-A039-085BD712126B}.Release|x64.Build.0 = Release|Any CPU
		{015CBD9A-0A2D-47E7-A039-085BD712126B}.Release|x86.ActiveCfg = Release|Any CPU
		{015CBD9A-0A2D-47E7-A039-085BD712126B}.Release|x86.Build.0 = Release|Any CPU
		{4F05046C-0426-4E3B-A87C-FFE9ADA3E0B2}.Debug|Any CPU.ActiveCfg = Debug|Any CPU
		{4F05046C-0426-4E3B-A87C-FFE9ADA3E0B2}.Debug|Any CPU.Build.0 = Debug|Any CPU
		{4F05046C-0426-4E3B-A87C-FFE9ADA3E0B2}.Debug|x64.ActiveCfg = Debug|Any CPU
		{4F05046C-0426-4E3B-A87C-FFE9ADA3E0B2}.Debug|x64.Build.0 = Debug|Any CPU
		{4F05046C-0426-4E3B-A87C-FFE9ADA3E0B2}.Debug|x86.ActiveCfg = Debug|Any CPU
		{4F05046C-0426-4E3B-A87C-FFE9ADA3E0B2}.Debug|x86.Build.0 = Debug|Any CPU
		{4F05046C-0426-4E3B-A87C-FFE9ADA3E0B2}.Release|Any CPU.ActiveCfg = Release|Any CPU
		{4F05046C-0426-4E3B-A87C-FFE9ADA3E0B2}.Release|Any CPU.Build.0 = Release|Any CPU
		{4F05046C-0426-4E3B-A87C-FFE9ADA3E0B2}.Release|x64.ActiveCfg = Release|Any CPU
		{4F05046C-0426-4E3B-A87C-FFE9ADA3E0B2}.Release|x64.Build.0 = Release|Any CPU
		{4F05046C-0426-4E3B-A87C-FFE9ADA3E0B2}.Release|x86.ActiveCfg = Release|Any CPU
		{4F05046C-0426-4E3B-A87C-FFE9ADA3E0B2}.Release|x86.Build.0 = Release|Any CPU
		{422045C9-8A21-4B22-A37B-D447046FDF37}.Debug|Any CPU.ActiveCfg = Debug|Any CPU
		{422045C9-8A21-4B22-A37B-D447046FDF37}.Debug|Any CPU.Build.0 = Debug|Any CPU
		{422045C9-8A21-4B22-A37B-D447046FDF37}.Debug|x64.ActiveCfg = Debug|Any CPU
		{422045C9-8A21-4B22-A37B-D447046FDF37}.Debug|x64.Build.0 = Debug|Any CPU
		{422045C9-8A21-4B22-A37B-D447046FDF37}.Debug|x86.ActiveCfg = Debug|Any CPU
		{422045C9-8A21-4B22-A37B-D447046FDF37}.Debug|x86.Build.0 = Debug|Any CPU
		{422045C9-8A21-4B22-A37B-D447046FDF37}.Release|Any CPU.ActiveCfg = Release|Any CPU
		{422045C9-8A21-4B22-A37B-D447046FDF37}.Release|Any CPU.Build.0 = Release|Any CPU
		{422045C9-8A21-4B22-A37B-D447046FDF37}.Release|x64.ActiveCfg = Release|Any CPU
		{422045C9-8A21-4B22-A37B-D447046FDF37}.Release|x64.Build.0 = Release|Any CPU
		{422045C9-8A21-4B22-A37B-D447046FDF37}.Release|x86.ActiveCfg = Release|Any CPU
		{422045C9-8A21-4B22-A37B-D447046FDF37}.Release|x86.Build.0 = Release|Any CPU
		{8BE87ADB-3264-4FC7-815C-74B73112CF37}.Debug|Any CPU.ActiveCfg = Debug|Any CPU
		{8BE87ADB-3264-4FC7-815C-74B73112CF37}.Debug|Any CPU.Build.0 = Debug|Any CPU
		{8BE87ADB-3264-4FC7-815C-74B73112CF37}.Debug|x64.ActiveCfg = Debug|Any CPU
		{8BE87ADB-3264-4FC7-815C-74B73112CF37}.Debug|x64.Build.0 = Debug|Any CPU
		{8BE87ADB-3264-4FC7-815C-74B73112CF37}.Debug|x86.ActiveCfg = Debug|Any CPU
		{8BE87ADB-3264-4FC7-815C-74B73112CF37}.Debug|x86.Build.0 = Debug|Any CPU
		{8BE87ADB-3264-4FC7-815C-74B73112CF37}.Release|Any CPU.ActiveCfg = Release|Any CPU
		{8BE87ADB-3264-4FC7-815C-74B73112CF37}.Release|Any CPU.Build.0 = Release|Any CPU
		{8BE87ADB-3264-4FC7-815C-74B73112CF37}.Release|x64.ActiveCfg = Release|Any CPU
		{8BE87ADB-3264-4FC7-815C-74B73112CF37}.Release|x64.Build.0 = Release|Any CPU
		{8BE87ADB-3264-4FC7-815C-74B73112CF37}.Release|x86.ActiveCfg = Release|Any CPU
		{8BE87ADB-3264-4FC7-815C-74B73112CF37}.Release|x86.Build.0 = Release|Any CPU
		{0F03A9D8-2497-4C80-9623-E7951715C2EF}.Debug|Any CPU.ActiveCfg = Debug|Any CPU
		{0F03A9D8-2497-4C80-9623-E7951715C2EF}.Debug|Any CPU.Build.0 = Debug|Any CPU
		{0F03A9D8-2497-4C80-9623-E7951715C2EF}.Debug|x64.ActiveCfg = Debug|Any CPU
		{0F03A9D8-2497-4C80-9623-E7951715C2EF}.Debug|x64.Build.0 = Debug|Any CPU
		{0F03A9D8-2497-4C80-9623-E7951715C2EF}.Debug|x86.ActiveCfg = Debug|Any CPU
		{0F03A9D8-2497-4C80-9623-E7951715C2EF}.Debug|x86.Build.0 = Debug|Any CPU
		{0F03A9D8-2497-4C80-9623-E7951715C2EF}.Release|Any CPU.ActiveCfg = Release|Any CPU
		{0F03A9D8-2497-4C80-9623-E7951715C2EF}.Release|Any CPU.Build.0 = Release|Any CPU
		{0F03A9D8-2497-4C80-9623-E7951715C2EF}.Release|x64.ActiveCfg = Release|Any CPU
		{0F03A9D8-2497-4C80-9623-E7951715C2EF}.Release|x64.Build.0 = Release|Any CPU
		{0F03A9D8-2497-4C80-9623-E7951715C2EF}.Release|x86.ActiveCfg = Release|Any CPU
		{0F03A9D8-2497-4C80-9623-E7951715C2EF}.Release|x86.Build.0 = Release|Any CPU
		{4B79E2FB-292B-4DBE-AFE4-19884E765336}.Debug|Any CPU.ActiveCfg = Debug|Any CPU
		{4B79E2FB-292B-4DBE-AFE4-19884E765336}.Debug|Any CPU.Build.0 = Debug|Any CPU
		{4B79E2FB-292B-4DBE-AFE4-19884E765336}.Debug|x64.ActiveCfg = Debug|Any CPU
		{4B79E2FB-292B-4DBE-AFE4-19884E765336}.Debug|x64.Build.0 = Debug|Any CPU
		{4B79E2FB-292B-4DBE-AFE4-19884E765336}.Debug|x86.ActiveCfg = Debug|Any CPU
		{4B79E2FB-292B-4DBE-AFE4-19884E765336}.Debug|x86.Build.0 = Debug|Any CPU
		{4B79E2FB-292B-4DBE-AFE4-19884E765336}.Release|Any CPU.ActiveCfg = Release|Any CPU
		{4B79E2FB-292B-4DBE-AFE4-19884E765336}.Release|Any CPU.Build.0 = Release|Any CPU
		{4B79E2FB-292B-4DBE-AFE4-19884E765336}.Release|x64.ActiveCfg = Release|Any CPU
		{4B79E2FB-292B-4DBE-AFE4-19884E765336}.Release|x64.Build.0 = Release|Any CPU
		{4B79E2FB-292B-4DBE-AFE4-19884E765336}.Release|x86.ActiveCfg = Release|Any CPU
		{4B79E2FB-292B-4DBE-AFE4-19884E765336}.Release|x86.Build.0 = Release|Any CPU
		{5D771AE3-5467-4C06-A118-59DD944BE560}.Debug|Any CPU.ActiveCfg = Debug|Any CPU
		{5D771AE3-5467-4C06-A118-59DD944BE560}.Debug|Any CPU.Build.0 = Debug|Any CPU
		{5D771AE3-5467-4C06-A118-59DD944BE560}.Debug|x64.ActiveCfg = Debug|Any CPU
		{5D771AE3-5467-4C06-A118-59DD944BE560}.Debug|x64.Build.0 = Debug|Any CPU
		{5D771AE3-5467-4C06-A118-59DD944BE560}.Debug|x86.ActiveCfg = Debug|Any CPU
		{5D771AE3-5467-4C06-A118-59DD944BE560}.Debug|x86.Build.0 = Debug|Any CPU
		{5D771AE3-5467-4C06-A118-59DD944BE560}.Release|Any CPU.ActiveCfg = Release|Any CPU
		{5D771AE3-5467-4C06-A118-59DD944BE560}.Release|Any CPU.Build.0 = Release|Any CPU
		{5D771AE3-5467-4C06-A118-59DD944BE560}.Release|x64.ActiveCfg = Release|Any CPU
		{5D771AE3-5467-4C06-A118-59DD944BE560}.Release|x64.Build.0 = Release|Any CPU
		{5D771AE3-5467-4C06-A118-59DD944BE560}.Release|x86.ActiveCfg = Release|Any CPU
		{5D771AE3-5467-4C06-A118-59DD944BE560}.Release|x86.Build.0 = Release|Any CPU
		{4826D59A-EC42-42F0-BAC9-7F9FE8B51745}.Debug|Any CPU.ActiveCfg = Debug|Any CPU
		{4826D59A-EC42-42F0-BAC9-7F9FE8B51745}.Debug|Any CPU.Build.0 = Debug|Any CPU
		{4826D59A-EC42-42F0-BAC9-7F9FE8B51745}.Debug|x64.ActiveCfg = Debug|Any CPU
		{4826D59A-EC42-42F0-BAC9-7F9FE8B51745}.Debug|x64.Build.0 = Debug|Any CPU
		{4826D59A-EC42-42F0-BAC9-7F9FE8B51745}.Debug|x86.ActiveCfg = Debug|Any CPU
		{4826D59A-EC42-42F0-BAC9-7F9FE8B51745}.Debug|x86.Build.0 = Debug|Any CPU
		{4826D59A-EC42-42F0-BAC9-7F9FE8B51745}.Release|Any CPU.ActiveCfg = Release|Any CPU
		{4826D59A-EC42-42F0-BAC9-7F9FE8B51745}.Release|Any CPU.Build.0 = Release|Any CPU
		{4826D59A-EC42-42F0-BAC9-7F9FE8B51745}.Release|x64.ActiveCfg = Release|Any CPU
		{4826D59A-EC42-42F0-BAC9-7F9FE8B51745}.Release|x64.Build.0 = Release|Any CPU
		{4826D59A-EC42-42F0-BAC9-7F9FE8B51745}.Release|x86.ActiveCfg = Release|Any CPU
		{4826D59A-EC42-42F0-BAC9-7F9FE8B51745}.Release|x86.Build.0 = Release|Any CPU
	EndGlobalSection
	GlobalSection(SolutionProperties) = preSolution
		HideSolutionNode = FALSE
	EndGlobalSection
	GlobalSection(NestedProjects) = preSolution
		{0B07B802-470B-4138-B230-2B10985A7182} = {1D9152DC-3916-4267-8618-BDBB776AF330}
		{1D9152DC-3916-4267-8618-BDBB776AF330} = {AF17FE8F-C9E5-488F-AF5C-251C935AE35C}
		{5219D71D-C2E7-4327-8887-395646D84B2A} = {AF17FE8F-C9E5-488F-AF5C-251C935AE35C}
		{574655A8-6396-42CF-A03E-50A28749F221} = {5219D71D-C2E7-4327-8887-395646D84B2A}
		{D06B56EF-0F91-4942-9BBA-0E943D9DC996} = {AF17FE8F-C9E5-488F-AF5C-251C935AE35C}
		{EB4BDB4C-9727-4498-99C9-F9865D3EA9A5} = {D06B56EF-0F91-4942-9BBA-0E943D9DC996}
		{DAC1F5AD-1C5B-478E-A318-43AA4AC3E419} = {D06B56EF-0F91-4942-9BBA-0E943D9DC996}
		{41739FE2-D2B2-4447-AA5A-7F81676ECBF9} = {D06B56EF-0F91-4942-9BBA-0E943D9DC996}
		{AB2D89D1-36BF-4E33-B3EE-3FF78245DD7E} = {D06B56EF-0F91-4942-9BBA-0E943D9DC996}
		{245A9F3B-AAF1-4014-A632-0222B74012AB} = {D06B56EF-0F91-4942-9BBA-0E943D9DC996}
		{9FC189B0-BE2F-4E7D-84C8-849BA3F300E6} = {AF17FE8F-C9E5-488F-AF5C-251C935AE35C}
		{31AA7405-1731-48A8-AFDE-EE16E347B03A} = {9FC189B0-BE2F-4E7D-84C8-849BA3F300E6}
		{6CAA5402-20B2-4AC5-9EB0-FA0116FDE3C8} = {AF17FE8F-C9E5-488F-AF5C-251C935AE35C}
		{2E98D979-5954-433F-B0B5-09938A548CC6} = {6CAA5402-20B2-4AC5-9EB0-FA0116FDE3C8}
		{623DEB57-3BD3-4299-8599-F9AE83480BFF} = {9FC189B0-BE2F-4E7D-84C8-849BA3F300E6}
		{87FC65B3-E5CA-45A8-B5B9-5544965123DB} = {AF17FE8F-C9E5-488F-AF5C-251C935AE35C}
		{373539EF-8E53-46F0-82DD-044487242382} = {87FC65B3-E5CA-45A8-B5B9-5544965123DB}
		{60F98016-89CB-417F-9BBA-4F868AE7A447} = {AF17FE8F-C9E5-488F-AF5C-251C935AE35C}
		{0B5109FD-6DDF-4A44-9C88-13D58D4DB800} = {60F98016-89CB-417F-9BBA-4F868AE7A447}
		{1A0633A2-30B8-4C36-8D9D-7E07224710B8} = {AF17FE8F-C9E5-488F-AF5C-251C935AE35C}
		{5B33E74D-B54A-4695-BC95-942DC58198B3} = {1A0633A2-30B8-4C36-8D9D-7E07224710B8}
		{79FBA585-27CC-442F-9A72-3B5DA9F62D42} = {AF17FE8F-C9E5-488F-AF5C-251C935AE35C}
		{4F0DFD75-7003-474E-BD0D-3F9B3F901EC9} = {79FBA585-27CC-442F-9A72-3B5DA9F62D42}
		{7DF58FBB-3EB8-4922-BC32-09967BBD070B} = {00751131-69D9-401C-9EE8-1DC09CA5D036}
		{39D0012E-E74B-4104-B150-76E222121B38} = {7DF58FBB-3EB8-4922-BC32-09967BBD070B}
		{3C37DF45-35E0-46A6-A4FE-E21C15DF734F} = {AF17FE8F-C9E5-488F-AF5C-251C935AE35C}
		{861738C5-FCDF-4950-B604-D3D998F5698B} = {3C37DF45-35E0-46A6-A4FE-E21C15DF734F}
		{FC284EDC-E587-4E75-9A3E-F0149B3D9E02} = {3C37DF45-35E0-46A6-A4FE-E21C15DF734F}
		{90AD0F5A-1BF4-4C11-95A4-2DB8B22682B7} = {3C37DF45-35E0-46A6-A4FE-E21C15DF734F}
		{C6B6A3E7-84EE-4095-AD1E-CC4FEF72997B} = {9F16C34E-09A4-49AC-8366-D754B97C5224}
		{92DAA333-AE2B-40B6-9B82-4168277D15F5} = {C6B6A3E7-84EE-4095-AD1E-CC4FEF72997B}
		{015CBD9A-0A2D-47E7-A039-085BD712126B} = {C6B6A3E7-84EE-4095-AD1E-CC4FEF72997B}
		{5A8BD6E2-533E-4AF5-9BC8-9FB5A82C4795} = {9F16C34E-09A4-49AC-8366-D754B97C5224}
		{4F05046C-0426-4E3B-A87C-FFE9ADA3E0B2} = {5A8BD6E2-533E-4AF5-9BC8-9FB5A82C4795}
		{00751131-69D9-401C-9EE8-1DC09CA5D036} = {9F16C34E-09A4-49AC-8366-D754B97C5224}
		{422045C9-8A21-4B22-A37B-D447046FDF37} = {00751131-69D9-401C-9EE8-1DC09CA5D036}
		{D0C31C85-73CD-4F24-986A-EBCDE2D62B9B} = {9F16C34E-09A4-49AC-8366-D754B97C5224}
		{8BE87ADB-3264-4FC7-815C-74B73112CF37} = {D0C31C85-73CD-4F24-986A-EBCDE2D62B9B}
		{A7CAFFA8-1246-447C-8853-F3F3FA5D99FF} = {9F16C34E-09A4-49AC-8366-D754B97C5224}
		{0F03A9D8-2497-4C80-9623-E7951715C2EF} = {A7CAFFA8-1246-447C-8853-F3F3FA5D99FF}
		{C84F736F-FF16-4D7A-B0D2-47AE8195E37D} = {9F16C34E-09A4-49AC-8366-D754B97C5224}
		{4B79E2FB-292B-4DBE-AFE4-19884E765336} = {C84F736F-FF16-4D7A-B0D2-47AE8195E37D}
		{2C5655DA-34C3-4103-8F53-336C440242CC} = {9F16C34E-09A4-49AC-8366-D754B97C5224}
		{5D771AE3-5467-4C06-A118-59DD944BE560} = {2C5655DA-34C3-4103-8F53-336C440242CC}
		{FFE29CD3-B62B-488B-874B-C22AD3989CE3} = {9F16C34E-09A4-49AC-8366-D754B97C5224}
		{4826D59A-EC42-42F0-BAC9-7F9FE8B51745} = {FFE29CD3-B62B-488B-874B-C22AD3989CE3}
		{30DCBD78-0D10-483B-BE0D-F37A440F2763} = {FFE29CD3-B62B-488B-874B-C22AD3989CE3}
	EndGlobalSection
	GlobalSection(ExtensibilityGlobals) = postSolution
		SolutionGuid = {76EC34DF-6BC3-4283-8128-050FEAB28534}
	EndGlobalSection
EndGlobal
